
Microsoft Visual Studio Solution File, Format Version 12.00
# Visual Studio Version 17
VisualStudioVersion = 17.8.34309.116
MinimumVisualStudioVersion = 10.0.40219.1
Project("{9A19103F-16F7-4668-BE54-9A1E7A4F7556}") = "BulkyWeb", "BulkyWeb\BulkyWeb.csproj", "{E93ED7F3-4A17-4C73-AFF1-90AC158B1CC6}"
EndProject
Project("{FAE04EC0-301F-11D3-BF4B-00C04F79EFBC}") = "Bulky.DataAccess", "Bulky.DataAccess\Bulky.DataAccess.csproj", "{D2668866-C2BB-43BB-B941-4A368C732051}"
EndProject
Project("{FAE04EC0-301F-11D3-BF4B-00C04F79EFBC}") = "Bulky.Models", "Bulky.Models\Bulky.Models.csproj", "{99986D15-4635-4DB7-A114-FD9ABB31D4A2}"
EndProject
Project("{FAE04EC0-301F-11D3-BF4B-00C04F79EFBC}") = "Bulky.Utility", "Bulky.Utility\Bulky.Utility.csproj", "{8D867ABD-CC22-44DC-9F95-0886FD639E76}"
EndProject
Global
	GlobalSection(SolutionConfigurationPlatforms) = preSolution
		Debug|Any CPU = Debug|Any CPU
		Release|Any CPU = Release|Any CPU
	EndGlobalSection
	GlobalSection(ProjectConfigurationPlatforms) = postSolution
		{E93ED7F3-4A17-4C73-AFF1-90AC158B1CC6}.Debug|Any CPU.ActiveCfg = Debug|Any CPU
		{E93ED7F3-4A17-4C73-AFF1-90AC158B1CC6}.Debug|Any CPU.Build.0 = Debug|Any CPU
		{E93ED7F3-4A17-4C73-AFF1-90AC158B1CC6}.Release|Any CPU.ActiveCfg = Release|Any CPU
		{E93ED7F3-4A17-4C73-AFF1-90AC158B1CC6}.Release|Any CPU.Build.0 = Release|Any CPU
		{D2668866-C2BB-43BB-B941-4A368C732051}.Debug|Any CPU.ActiveCfg = Debug|Any CPU
		{D2668866-C2BB-43BB-B941-4A368C732051}.Debug|Any CPU.Build.0 = Debug|Any CPU
		{D2668866-C2BB-43BB-B941-4A368C732051}.Release|Any CPU.ActiveCfg = Release|Any CPU
		{D2668866-C2BB-43BB-B941-4A368C732051}.Release|Any CPU.Build.0 = Release|Any CPU
		{99986D15-4635-4DB7-A114-FD9ABB31D4A2}.Debug|Any CPU.ActiveCfg = Debug|Any CPU
		{99986D15-4635-4DB7-A114-FD9ABB31D4A2}.Debug|Any CPU.Build.0 = Debug|Any CPU
		{99986D15-4635-4DB7-A114-FD9ABB31D4A2}.Release|Any CPU.ActiveCfg = Release|Any CPU
		{99986D15-4635-4DB7-A114-FD9ABB31D4A2}.Release|Any CPU.Build.0 = Release|Any CPU
		{8D867ABD-CC22-44DC-9F95-0886FD639E76}.Debug|Any CPU.ActiveCfg = Debug|Any CPU
		{8D867ABD-CC22-44DC-9F95-0886FD639E76}.Debug|Any CPU.Build.0 = Debug|Any CPU
		{8D867ABD-CC22-44DC-9F95-0886FD639E76}.Release|Any CPU.ActiveCfg = Release|Any CPU
		{8D867ABD-CC22-44DC-9F95-0886FD639E76}.Release|Any CPU.Build.0 = Release|Any CPU
	EndGlobalSection
	GlobalSection(SolutionProperties) = preSolution
		HideSolutionNode = FALSE
	EndGlobalSection
	GlobalSection(ExtensibilityGlobals) = postSolution
		SolutionGuid = {02D79FF8-D91E-4675-9428-77C910596AFE}
	EndGlobalSection
EndGlobal
